
Microsoft Visual Studio Solution File, Format Version 12.00
# Visual Studio Version 17
VisualStudioVersion = 17.13.35913.81 d17.13
MinimumVisualStudioVersion = 10.0.40219.1
Project("{FAE04EC0-301F-11D3-BF4B-00C04F79EFBC}") = "MA_PAM", "MA_PAM\MA_PAM.csproj", "{EBD5315C-DDF2-4B2B-8073-09CDA467AA1F}"
EndProject
Global
	GlobalSection(SolutionConfigurationPlatforms) = preSolution
		Debug|Any CPU = Debug|Any CPU
		Release|Any CPU = Release|Any CPU
	EndGlobalSection
	GlobalSection(ProjectConfigurationPlatforms) = postSolution
		{EBD5315C-DDF2-4B2B-8073-09CDA467AA1F}.Debug|Any CPU.ActiveCfg = Debug|Any CPU
		{EBD5315C-DDF2-4B2B-8073-09CDA467AA1F}.Debug|Any CPU.Build.0 = Debug|Any CPU
		{EBD5315C-DDF2-4B2B-8073-09CDA467AA1F}.Release|Any CPU.ActiveCfg = Release|Any CPU
		{EBD5315C-DDF2-4B2B-8073-09CDA467AA1F}.Release|Any CPU.Build.0 = Release|Any CPU
	EndGlobalSection
	GlobalSection(SolutionProperties) = preSolution
		HideSolutionNode = FALSE
	EndGlobalSection
	GlobalSection(ExtensibilityGlobals) = postSolution
		SolutionGuid = {A6DF094C-427B-4162-87E9-A965AF31FD40}
	EndGlobalSection
EndGlobal
